
Microsoft Visual Studio Solution File, Format Version 12.00
# Visual Studio Version 16
VisualStudioVersion = 16.0.29709.97
MinimumVisualStudioVersion = 10.0.40219.1
Project("{FAE04EC0-301F-11D3-BF4B-00C04F79EFBC}") = "ParkingCardHelper", "ParkingCardHelper\ParkingCardHelper.csproj", "{6FC263D0-E306-4402-868D-77ADC0F0C2D5}"
EndProject
Global
	GlobalSection(SolutionConfigurationPlatforms) = preSolution
		Debug|Any CPU = Debug|Any CPU
		Release|Any CPU = Release|Any CPU
	EndGlobalSection
	GlobalSection(ProjectConfigurationPlatforms) = postSolution
		{6FC263D0-E306-4402-868D-77ADC0F0C2D5}.Debug|Any CPU.ActiveCfg = Debug|Any CPU
		{6FC263D0-E306-4402-868D-77ADC0F0C2D5}.Debug|Any CPU.Build.0 = Debug|Any CPU
		{6FC263D0-E306-4402-868D-77ADC0F0C2D5}.Release|Any CPU.ActiveCfg = Release|Any CPU
		{6FC263D0-E306-4402-868D-77ADC0F0C2D5}.Release|Any CPU.Build.0 = Release|Any CPU
	EndGlobalSection
	GlobalSection(SolutionProperties) = preSolution
		HideSolutionNode = FALSE
	EndGlobalSection
	GlobalSection(ExtensibilityGlobals) = postSolution
		SolutionGuid = {C5720204-54C5-4B08-82E1-4D8803A0E02E}
	EndGlobalSection
EndGlobal
